
Microsoft Visual Studio Solution File, Format Version 12.00
# Visual Studio Version 17
VisualStudioVersion = 17.2.32602.215
MinimumVisualStudioVersion = 10.0.40219.1
Project("{9A19103F-16F7-4668-BE54-9A1E7A4F7556}") = "IB_API", "IB_API\IB_API.csproj", "{57917FF1-7572-40A4-A18B-6AF82DD7E8BA}"
EndProject
Project("{2150E333-8FDC-42A3-9474-1A3956D46DE8}") = "IB_Wrapper", "IB_Wrapper", "{B198BF46-2431-4A31-A8D7-1C44320BE68B}"
EndProject
Project("{2150E333-8FDC-42A3-9474-1A3956D46DE8}") = "CV_Wrapper", "CV_Wrapper", "{FACBF313-5490-4043-B056-7EF1E409F54C}"
EndProject
Project("{2150E333-8FDC-42A3-9474-1A3956D46DE8}") = "EUS_Wrapper", "EUS_Wrapper", "{F08964C8-A330-415C-8493-31F2627E571F}"
EndProject
Project("{9A19103F-16F7-4668-BE54-9A1E7A4F7556}") = "EUS_API", "EUS_API\EUS_API.csproj", "{1F8E9817-EA18-4DD4-82B8-2CB6CFDF8091}"
EndProject
Project("{9A19103F-16F7-4668-BE54-9A1E7A4F7556}") = "CV_API", "CV_API\CV_API.csproj", "{511D1593-A693-4C58-8061-87A98311F7AD}"
EndProject
Project("{2150E333-8FDC-42A3-9474-1A3956D46DE8}") = "00 - API", "00 - API", "{9F8B5D0E-4D36-4DC3-8674-A2C60FD329B3}"
EndProject
Project("{2150E333-8FDC-42A3-9474-1A3956D46DE8}") = "01 - Domain", "01 - Domain", "{F6B63B07-F8A6-4B83-BD52-6E5AB4EC5C32}"
EndProject
Project("{9A19103F-16F7-4668-BE54-9A1E7A4F7556}") = "IB_Domain", "IB_Domain\IB_Domain.csproj", "{56593249-A8D6-492F-9F05-046E7134FEFC}"
EndProject
Project("{2150E333-8FDC-42A3-9474-1A3956D46DE8}") = "00 - API", "00 - API", "{B07C009F-CE6E-4556-ACD6-1A0957E28987}"
EndProject
Project("{2150E333-8FDC-42A3-9474-1A3956D46DE8}") = "01 - Domain", "01 - Domain", "{2DC2ADDE-D0EB-41AE-A690-B940D0B6D96C}"
EndProject
Project("{9A19103F-16F7-4668-BE54-9A1E7A4F7556}") = "CV_Domain", "CV_Domain\CV_Domain.csproj", "{B83C4681-D5FD-4233-AD73-6F6B5F82A86C}"
EndProject
Project("{2150E333-8FDC-42A3-9474-1A3956D46DE8}") = "00 - API", "00 - API", "{E3C4183F-BC1C-4160-B02F-156813F997D5}"
EndProject
Project("{2150E333-8FDC-42A3-9474-1A3956D46DE8}") = "01 - Domain", "01 - Domain", "{3F5539E8-E945-43EC-BD91-26ED98179B05}"
EndProject
Project("{9A19103F-16F7-4668-BE54-9A1E7A4F7556}") = "EUS_Domain", "EUS_Domain\EUS_Domain.csproj", "{CB2DDCF0-F15E-4919-87B9-79F0D7A65D77}"
EndProject
Project("{2150E333-8FDC-42A3-9474-1A3956D46DE8}") = "Carga_API", "Carga_API", "{EECE8A43-8CF3-4761-B1A4-414B970DCCEA}"
EndProject
Project("{9A19103F-16F7-4668-BE54-9A1E7A4F7556}") = "Carga_API", "API_Carga\Carga_API.csproj", "{62594A44-1A0D-4D8D-8FC1-3195182B369F}"
EndProject
Project("{2150E333-8FDC-42A3-9474-1A3956D46DE8}") = "00 - API", "00 - API", "{3E33EBDE-90DC-465E-8271-70AF1A0EFC39}"
EndProject
Project("{9A19103F-16F7-4668-BE54-9A1E7A4F7556}") = "Domain", "Domain\Domain.csproj", "{B4FA3012-6ABC-4729-AC4C-524B582B5A96}"
EndProject
Project("{9A19103F-16F7-4668-BE54-9A1E7A4F7556}") = "Repository", "Repository\Repository.csproj", "{71445844-2D3B-4B4A-A7CB-D26D0072C306}"
EndProject
Project("{9A19103F-16F7-4668-BE54-9A1E7A4F7556}") = "Data", "Data\Data.csproj", "{958E72F3-7228-462C-BC17-4C2AF4C51B02}"
EndProject
Project("{2150E333-8FDC-42A3-9474-1A3956D46DE8}") = "Busqueda_API", "Busqueda_API", "{067BEB27-6483-4ED3-8DAF-5D2F838B968C}"
EndProject
Project("{FAE04EC0-301F-11D3-BF4B-00C04F79EFBC}") = "Busqueda_API", "Busqueda_API\Busqueda_API.csproj", "{1B079844-25BE-4533-BB86-0B3B29B3FBBD}"
EndProject
Project("{2150E333-8FDC-42A3-9474-1A3956D46DE8}") = "00 - APIs", "00 - APIs", "{4C21521A-D7AC-4C14-B33B-9FEC35D6E1DD}"
EndProject
Project("{2150E333-8FDC-42A3-9474-1A3956D46DE8}") = "01 - Domain", "01 - Domain", "{B6007590-E791-4C0C-9B33-7DBE2AFEB55D}"
EndProject
Project("{2150E333-8FDC-42A3-9474-1A3956D46DE8}") = "02 - Repository", "02 - Repository", "{D262A80A-E1E5-4510-8B9E-2268386E1A96}"
EndProject
Project("{2150E333-8FDC-42A3-9474-1A3956D46DE8}") = "03 - Data", "03 - Data", "{C297507F-3AA0-43C9-B3CB-436C899A64AB}"
EndProject
Global
	GlobalSection(SolutionConfigurationPlatforms) = preSolution
		Debug|Any CPU = Debug|Any CPU
		Release|Any CPU = Release|Any CPU
	EndGlobalSection
	GlobalSection(ProjectConfigurationPlatforms) = postSolution
		{57917FF1-7572-40A4-A18B-6AF82DD7E8BA}.Debug|Any CPU.ActiveCfg = Debug|Any CPU
		{57917FF1-7572-40A4-A18B-6AF82DD7E8BA}.Debug|Any CPU.Build.0 = Debug|Any CPU
		{57917FF1-7572-40A4-A18B-6AF82DD7E8BA}.Release|Any CPU.ActiveCfg = Release|Any CPU
		{57917FF1-7572-40A4-A18B-6AF82DD7E8BA}.Release|Any CPU.Build.0 = Release|Any CPU
		{1F8E9817-EA18-4DD4-82B8-2CB6CFDF8091}.Debug|Any CPU.ActiveCfg = Debug|Any CPU
		{1F8E9817-EA18-4DD4-82B8-2CB6CFDF8091}.Debug|Any CPU.Build.0 = Debug|Any CPU
		{1F8E9817-EA18-4DD4-82B8-2CB6CFDF8091}.Release|Any CPU.ActiveCfg = Release|Any CPU
		{1F8E9817-EA18-4DD4-82B8-2CB6CFDF8091}.Release|Any CPU.Build.0 = Release|Any CPU
		{511D1593-A693-4C58-8061-87A98311F7AD}.Debug|Any CPU.ActiveCfg = Debug|Any CPU
		{511D1593-A693-4C58-8061-87A98311F7AD}.Debug|Any CPU.Build.0 = Debug|Any CPU
		{511D1593-A693-4C58-8061-87A98311F7AD}.Release|Any CPU.ActiveCfg = Release|Any CPU
		{511D1593-A693-4C58-8061-87A98311F7AD}.Release|Any CPU.Build.0 = Release|Any CPU
		{56593249-A8D6-492F-9F05-046E7134FEFC}.Debug|Any CPU.ActiveCfg = Debug|Any CPU
		{56593249-A8D6-492F-9F05-046E7134FEFC}.Debug|Any CPU.Build.0 = Debug|Any CPU
		{56593249-A8D6-492F-9F05-046E7134FEFC}.Release|Any CPU.ActiveCfg = Release|Any CPU
		{56593249-A8D6-492F-9F05-046E7134FEFC}.Release|Any CPU.Build.0 = Release|Any CPU
		{B83C4681-D5FD-4233-AD73-6F6B5F82A86C}.Debug|Any CPU.ActiveCfg = Debug|Any CPU
		{B83C4681-D5FD-4233-AD73-6F6B5F82A86C}.Debug|Any CPU.Build.0 = Debug|Any CPU
		{B83C4681-D5FD-4233-AD73-6F6B5F82A86C}.Release|Any CPU.ActiveCfg = Release|Any CPU
		{B83C4681-D5FD-4233-AD73-6F6B5F82A86C}.Release|Any CPU.Build.0 = Release|Any CPU
		{CB2DDCF0-F15E-4919-87B9-79F0D7A65D77}.Debug|Any CPU.ActiveCfg = Debug|Any CPU
		{CB2DDCF0-F15E-4919-87B9-79F0D7A65D77}.Debug|Any CPU.Build.0 = Debug|Any CPU
		{CB2DDCF0-F15E-4919-87B9-79F0D7A65D77}.Release|Any CPU.ActiveCfg = Release|Any CPU
		{CB2DDCF0-F15E-4919-87B9-79F0D7A65D77}.Release|Any CPU.Build.0 = Release|Any CPU
		{62594A44-1A0D-4D8D-8FC1-3195182B369F}.Debug|Any CPU.ActiveCfg = Debug|Any CPU
		{62594A44-1A0D-4D8D-8FC1-3195182B369F}.Debug|Any CPU.Build.0 = Debug|Any CPU
		{62594A44-1A0D-4D8D-8FC1-3195182B369F}.Release|Any CPU.ActiveCfg = Release|Any CPU
		{62594A44-1A0D-4D8D-8FC1-3195182B369F}.Release|Any CPU.Build.0 = Release|Any CPU
		{B4FA3012-6ABC-4729-AC4C-524B582B5A96}.Debug|Any CPU.ActiveCfg = Debug|Any CPU
		{B4FA3012-6ABC-4729-AC4C-524B582B5A96}.Debug|Any CPU.Build.0 = Debug|Any CPU
		{B4FA3012-6ABC-4729-AC4C-524B582B5A96}.Release|Any CPU.ActiveCfg = Release|Any CPU
		{B4FA3012-6ABC-4729-AC4C-524B582B5A96}.Release|Any CPU.Build.0 = Release|Any CPU
		{71445844-2D3B-4B4A-A7CB-D26D0072C306}.Debug|Any CPU.ActiveCfg = Debug|Any CPU
		{71445844-2D3B-4B4A-A7CB-D26D0072C306}.Debug|Any CPU.Build.0 = Debug|Any CPU
		{71445844-2D3B-4B4A-A7CB-D26D0072C306}.Release|Any CPU.ActiveCfg = Release|Any CPU
		{71445844-2D3B-4B4A-A7CB-D26D0072C306}.Release|Any CPU.Build.0 = Release|Any CPU
		{958E72F3-7228-462C-BC17-4C2AF4C51B02}.Debug|Any CPU.ActiveCfg = Debug|Any CPU
		{958E72F3-7228-462C-BC17-4C2AF4C51B02}.Debug|Any CPU.Build.0 = Debug|Any CPU
		{958E72F3-7228-462C-BC17-4C2AF4C51B02}.Release|Any CPU.ActiveCfg = Release|Any CPU
		{958E72F3-7228-462C-BC17-4C2AF4C51B02}.Release|Any CPU.Build.0 = Release|Any CPU
		{1B079844-25BE-4533-BB86-0B3B29B3FBBD}.Debug|Any CPU.ActiveCfg = Debug|Any CPU
		{1B079844-25BE-4533-BB86-0B3B29B3FBBD}.Debug|Any CPU.Build.0 = Debug|Any CPU
		{1B079844-25BE-4533-BB86-0B3B29B3FBBD}.Release|Any CPU.ActiveCfg = Release|Any CPU
		{1B079844-25BE-4533-BB86-0B3B29B3FBBD}.Release|Any CPU.Build.0 = Release|Any CPU
	EndGlobalSection
	GlobalSection(SolutionProperties) = preSolution
		HideSolutionNode = FALSE
	EndGlobalSection
	GlobalSection(NestedProjects) = preSolution
		{57917FF1-7572-40A4-A18B-6AF82DD7E8BA} = {9F8B5D0E-4D36-4DC3-8674-A2C60FD329B3}
		{1F8E9817-EA18-4DD4-82B8-2CB6CFDF8091} = {E3C4183F-BC1C-4160-B02F-156813F997D5}
		{511D1593-A693-4C58-8061-87A98311F7AD} = {B07C009F-CE6E-4556-ACD6-1A0957E28987}
		{9F8B5D0E-4D36-4DC3-8674-A2C60FD329B3} = {B198BF46-2431-4A31-A8D7-1C44320BE68B}
		{F6B63B07-F8A6-4B83-BD52-6E5AB4EC5C32} = {B198BF46-2431-4A31-A8D7-1C44320BE68B}
		{56593249-A8D6-492F-9F05-046E7134FEFC} = {F6B63B07-F8A6-4B83-BD52-6E5AB4EC5C32}
		{B07C009F-CE6E-4556-ACD6-1A0957E28987} = {FACBF313-5490-4043-B056-7EF1E409F54C}
		{2DC2ADDE-D0EB-41AE-A690-B940D0B6D96C} = {FACBF313-5490-4043-B056-7EF1E409F54C}
		{B83C4681-D5FD-4233-AD73-6F6B5F82A86C} = {2DC2ADDE-D0EB-41AE-A690-B940D0B6D96C}
		{E3C4183F-BC1C-4160-B02F-156813F997D5} = {F08964C8-A330-415C-8493-31F2627E571F}
		{3F5539E8-E945-43EC-BD91-26ED98179B05} = {F08964C8-A330-415C-8493-31F2627E571F}
		{CB2DDCF0-F15E-4919-87B9-79F0D7A65D77} = {3F5539E8-E945-43EC-BD91-26ED98179B05}
		{EECE8A43-8CF3-4761-B1A4-414B970DCCEA} = {4C21521A-D7AC-4C14-B33B-9FEC35D6E1DD}
		{62594A44-1A0D-4D8D-8FC1-3195182B369F} = {3E33EBDE-90DC-465E-8271-70AF1A0EFC39}
		{3E33EBDE-90DC-465E-8271-70AF1A0EFC39} = {EECE8A43-8CF3-4761-B1A4-414B970DCCEA}
		{B4FA3012-6ABC-4729-AC4C-524B582B5A96} = {B6007590-E791-4C0C-9B33-7DBE2AFEB55D}
		{71445844-2D3B-4B4A-A7CB-D26D0072C306} = {D262A80A-E1E5-4510-8B9E-2268386E1A96}
		{958E72F3-7228-462C-BC17-4C2AF4C51B02} = {C297507F-3AA0-43C9-B3CB-436C899A64AB}
		{067BEB27-6483-4ED3-8DAF-5D2F838B968C} = {4C21521A-D7AC-4C14-B33B-9FEC35D6E1DD}
		{1B079844-25BE-4533-BB86-0B3B29B3FBBD} = {067BEB27-6483-4ED3-8DAF-5D2F838B968C}
	EndGlobalSection
	GlobalSection(ExtensibilityGlobals) = postSolution
		SolutionGuid = {C5B8CBB7-3AA0-4280-82B3-AA69ABB84867}
	EndGlobalSection
EndGlobal
